
Microsoft Visual Studio Solution File, Format Version 12.00
# Visual Studio 15
VisualStudioVersion = 15.0.27130.2027
MinimumVisualStudioVersion = 10.0.40219.1
Project("{F184B08F-C81C-45F6-A57F-5ABD9991F28F}") = "ULDC-Master", "ULDC-Master\ULDC-Master.vbproj", "{64237ACB-1260-4E43-A22B-037CCF612B41}"
EndProject
Global
	GlobalSection(SolutionConfigurationPlatforms) = preSolution
		Debug|Any CPU = Debug|Any CPU
		Release|Any CPU = Release|Any CPU
	EndGlobalSection
	GlobalSection(ProjectConfigurationPlatforms) = postSolution
		{64237ACB-1260-4E43-A22B-037CCF612B41}.Debug|Any CPU.ActiveCfg = Debug|Any CPU
		{64237ACB-1260-4E43-A22B-037CCF612B41}.Debug|Any CPU.Build.0 = Debug|Any CPU
		{64237ACB-1260-4E43-A22B-037CCF612B41}.Release|Any CPU.ActiveCfg = Release|Any CPU
		{64237ACB-1260-4E43-A22B-037CCF612B41}.Release|Any CPU.Build.0 = Release|Any CPU
	EndGlobalSection
	GlobalSection(SolutionProperties) = preSolution
		HideSolutionNode = FALSE
	EndGlobalSection
	GlobalSection(ExtensibilityGlobals) = postSolution
		SolutionGuid = {F8EF8C82-D6A0-4C80-A495-3CF4B4186C07}
	EndGlobalSection
EndGlobal
